
Microsoft Visual Studio Solution File, Format Version 12.00
# Visual Studio Version 16
VisualStudioVersion = 16.0.29806.167
MinimumVisualStudioVersion = 10.0.40219.1
Project("{2150E333-8FDC-42A3-9474-1A3956D46DE8}") = "Prototypes", "Prototypes", "{111B7690-8DC1-4844-9B1F-46ECB991B3F1}"
EndProject
Project("{2150E333-8FDC-42A3-9474-1A3956D46DE8}") = "Samples", "Samples", "{A4E396F5-E8DF-4EA1-A41E-95273D202FBB}"
EndProject
Project("{FAE04EC0-301F-11D3-BF4B-00C04F79EFBC}") = "ReportViewerSample", "Samples\ReportViewerSample\ReportViewerSample.csproj", "{D579D645-B64B-44B6-9E09-F23BF12644F0}"
EndProject
Project("{FAE04EC0-301F-11D3-BF4B-00C04F79EFBC}") = "SQLiteSample", "Samples\SQLiteSample\SQLiteSample.csproj", "{DFAD3A93-6541-48CF-98A3-D1C1A799FFD7}"
EndProject
Project("{2150E333-8FDC-42A3-9474-1A3956D46DE8}") = "Production", "Production", "{4CC1E95E-89BD-4A5B-A810-C22DCF1F5315}"
EndProject
Project("{FAE04EC0-301F-11D3-BF4B-00C04F79EFBC}") = "MaterialDesignWpfSample", "Samples\MaterialDesignWpfSample\MaterialDesignWpfSample.csproj", "{2AE90E0F-2639-406D-8EFC-AFDFD01F5960}"
EndProject
Project("{FAE04EC0-301F-11D3-BF4B-00C04F79EFBC}") = "MetroUISample", "Samples\MetroUISample\MetroUISample.csproj", "{556BE00C-2943-4B29-A6B0-102C63BF6907}"
EndProject
Project("{FAE04EC0-301F-11D3-BF4B-00C04F79EFBC}") = "DMT.TOD.Prototype.App", "Prototypes\DMT.TOD.Prototype.App\DMT.TOD.Prototype.App.csproj", "{4F08DBAC-2036-42CE-92B6-2E87E8B42A7C}"
EndProject
Project("{FAE04EC0-301F-11D3-BF4B-00C04F79EFBC}") = "DMT.TA.Prototype.App", "Prototypes\DMT.TA.Prototype.App\DMT.TA.Prototype.App.csproj", "{17E1A57A-D368-4990-A053-D7DD627507A0}"
EndProject
Project("{FAE04EC0-301F-11D3-BF4B-00C04F79EFBC}") = "DMT.Prototype.Models", "Prototypes\DMT.Prototype.Models\DMT.Prototype.Models.csproj", "{0F37FD1A-5491-4E10-9E2C-9CD631B333F1}"
EndProject
Project("{FAE04EC0-301F-11D3-BF4B-00C04F79EFBC}") = "DMT.Prototype.Core", "Prototypes\DMT.Prototype.Core\DMT.Prototype.Core.csproj", "{BE453E55-331A-4F2D-B7D2-5522098C9B6D}"
EndProject
Project("{FAE04EC0-301F-11D3-BF4B-00C04F79EFBC}") = "DMT.Prototype.Services", "Prototypes\DMT.Prototype.Services\DMT.Prototype.Services.csproj", "{87F5E07B-E56B-4E29-8F7F-B4BC171900B1}"
EndProject
Project("{FAE04EC0-301F-11D3-BF4B-00C04F79EFBC}") = "DMT.Prototype.Controls", "Prototypes\DMT.Prototype.Controls\DMT.Prototype.Controls.csproj", "{7F19ADBA-884D-4D46-A7C1-4BF672F829D9}"
EndProject
Project("{FAE04EC0-301F-11D3-BF4B-00C04F79EFBC}") = "DMT.Prototype.Pages", "Prototypes\DMT.Prototype.Pages\DMT.Prototype.Pages.csproj", "{31FBE6FB-4831-4E7B-B82A-433F40E20091}"
EndProject
Project("{9092AA53-FB77-4645-B42D-1CCCA6BD08BD}") = "DMT.TOD.Server", "Prototypes\DMT.TOD.Server\DMT.TOD.Server.njsproj", "{4D58472E-32FB-4CD1-8276-443F2D6050EE}"
EndProject
Project("{2150E333-8FDC-42A3-9474-1A3956D46DE8}") = "App", "App", "{C2D58E50-7DC0-4B62-B7A0-5B7716C51FA7}"
EndProject
Project("{2150E333-8FDC-42A3-9474-1A3956D46DE8}") = "Code Library", "Code Library", "{7E9BBD56-488F-4470-94A6-22FEC24DBCB9}"
EndProject
Project("{2150E333-8FDC-42A3-9474-1A3956D46DE8}") = "Control Library", "Control Library", "{2931C0BB-25C9-4B89-8356-E7BB19B6E5BD}"
EndProject
Project("{2150E333-8FDC-42A3-9474-1A3956D46DE8}") = "Server", "Server", "{64150D3D-1D9F-464B-B8B6-640D908758DC}"
EndProject
Project("{2150E333-8FDC-42A3-9474-1A3956D46DE8}") = "Solution Items", "Solution Items", "{5DFEB1B5-204E-4DA6-A837-1D47ED9973BC}"
	ProjectSection(SolutionItems) = preProject
		history.txt = history.txt
		project.todo = project.todo
	EndProjectSection
EndProject
Project("{2150E333-8FDC-42A3-9474-1A3956D46DE8}") = "Prototypes.v2", "Prototypes.v2", "{5CF332FE-EC8B-40C2-A44E-E3B635CC47CA}"
EndProject
Project("{2150E333-8FDC-42A3-9474-1A3956D46DE8}") = "App", "App", "{3E9438D4-FE01-4FD3-AC10-492A0E56737A}"
EndProject
Project("{2150E333-8FDC-42A3-9474-1A3956D46DE8}") = "Code Library", "Code Library", "{3DB50208-322C-4753-A10B-C1E059DB6EDA}"
EndProject
Project("{2150E333-8FDC-42A3-9474-1A3956D46DE8}") = "Control Library", "Control Library", "{E2FE1175-22BD-43BC-ADDA-CBBA24DDFFBA}"
EndProject
Project("{FAE04EC0-301F-11D3-BF4B-00C04F79EFBC}") = "DMT.Prototype.v2.Models", "Prototypes.v2\Code Library\DMT.Prototype.v2.Models\DMT.Prototype.v2.Models.csproj", "{18F56FC1-D2E0-4C95-AF43-E14185F241B0}"
EndProject
Project("{FAE04EC0-301F-11D3-BF4B-00C04F79EFBC}") = "DMT.TA.Prototype.v2.App", "Prototypes.v2\App\DMT.TA.Prototype.v2.App\DMT.TA.Prototype.v2.App.csproj", "{1FEDFDFB-6C0F-4AF8-9851-7BD54110E025}"
EndProject
Project("{FAE04EC0-301F-11D3-BF4B-00C04F79EFBC}") = "DMT.TOD.Prototype.v2.App", "Prototypes.v2\App\DMT.TOD.Prototype.v2.App\DMT.TOD.Prototype.v2.App.csproj", "{93D65947-1B08-4101-843B-9EBB2718862E}"
EndProject
Project("{FAE04EC0-301F-11D3-BF4B-00C04F79EFBC}") = "DMT.Prototype.v2.Core", "Prototypes.v2\Code Library\DMT.Prototype.v2.Core\DMT.Prototype.v2.Core.csproj", "{B41B4CDE-9658-48FD-8F31-C960AFAD498B}"
EndProject
Project("{FAE04EC0-301F-11D3-BF4B-00C04F79EFBC}") = "DMT.Prototype.v2.Services", "Prototypes.v2\Code Library\DMT.Prototype.v2.Services\DMT.Prototype.v2.Services.csproj", "{6BFFDFBC-0A3B-4463-BE4F-3F15461B6A2C}"
EndProject
Project("{FAE04EC0-301F-11D3-BF4B-00C04F79EFBC}") = "DMT.Prototype.v2.Controls", "Prototypes.v2\Control Library\DMT.Prototype.v2.Controls\DMT.Prototype.v2.Controls.csproj", "{D9C73D06-7206-4F42-AA20-EBA08AF10B2D}"
EndProject
Project("{FAE04EC0-301F-11D3-BF4B-00C04F79EFBC}") = "DMT.Prototype.v2.Pages", "Prototypes.v2\Control Library\DMT.Prototype.v2.Pages\DMT.Prototype.v2.Pages.csproj", "{243B4B87-E332-4C54-BFA7-F1D69971BB67}"
EndProject
Project("{2150E333-8FDC-42A3-9474-1A3956D46DE8}") = "App", "App", "{37BF80E1-080D-47E3-97C2-AACAA34FBDE9}"
EndProject
Project("{2150E333-8FDC-42A3-9474-1A3956D46DE8}") = "Code Library", "Code Library", "{7E748C5F-5703-4BCB-BD3E-CD14177D8427}"
EndProject
Project("{2150E333-8FDC-42A3-9474-1A3956D46DE8}") = "Control Library", "Control Library", "{390BA52F-98AE-4C6B-B11C-F44A81C978D6}"
EndProject
Project("{FAE04EC0-301F-11D3-BF4B-00C04F79EFBC}") = "DMT.Core", "Production\Code Library\DMT.Core\DMT.Core.csproj", "{A93987BB-7EDA-4C37-8023-C2BB6A32B214}"
EndProject
Global
	GlobalSection(SolutionConfigurationPlatforms) = preSolution
		Debug|Any CPU = Debug|Any CPU
		Release|Any CPU = Release|Any CPU
	EndGlobalSection
	GlobalSection(ProjectConfigurationPlatforms) = postSolution
		{D579D645-B64B-44B6-9E09-F23BF12644F0}.Debug|Any CPU.ActiveCfg = Debug|Any CPU
		{D579D645-B64B-44B6-9E09-F23BF12644F0}.Debug|Any CPU.Build.0 = Debug|Any CPU
		{D579D645-B64B-44B6-9E09-F23BF12644F0}.Release|Any CPU.ActiveCfg = Release|Any CPU
		{D579D645-B64B-44B6-9E09-F23BF12644F0}.Release|Any CPU.Build.0 = Release|Any CPU
		{DFAD3A93-6541-48CF-98A3-D1C1A799FFD7}.Debug|Any CPU.ActiveCfg = Debug|Any CPU
		{DFAD3A93-6541-48CF-98A3-D1C1A799FFD7}.Debug|Any CPU.Build.0 = Debug|Any CPU
		{DFAD3A93-6541-48CF-98A3-D1C1A799FFD7}.Release|Any CPU.ActiveCfg = Release|Any CPU
		{DFAD3A93-6541-48CF-98A3-D1C1A799FFD7}.Release|Any CPU.Build.0 = Release|Any CPU
		{2AE90E0F-2639-406D-8EFC-AFDFD01F5960}.Debug|Any CPU.ActiveCfg = Debug|Any CPU
		{2AE90E0F-2639-406D-8EFC-AFDFD01F5960}.Debug|Any CPU.Build.0 = Debug|Any CPU
		{2AE90E0F-2639-406D-8EFC-AFDFD01F5960}.Release|Any CPU.ActiveCfg = Release|Any CPU
		{2AE90E0F-2639-406D-8EFC-AFDFD01F5960}.Release|Any CPU.Build.0 = Release|Any CPU
		{556BE00C-2943-4B29-A6B0-102C63BF6907}.Debug|Any CPU.ActiveCfg = Debug|Any CPU
		{556BE00C-2943-4B29-A6B0-102C63BF6907}.Debug|Any CPU.Build.0 = Debug|Any CPU
		{556BE00C-2943-4B29-A6B0-102C63BF6907}.Release|Any CPU.ActiveCfg = Release|Any CPU
		{556BE00C-2943-4B29-A6B0-102C63BF6907}.Release|Any CPU.Build.0 = Release|Any CPU
		{4F08DBAC-2036-42CE-92B6-2E87E8B42A7C}.Debug|Any CPU.ActiveCfg = Debug|Any CPU
		{4F08DBAC-2036-42CE-92B6-2E87E8B42A7C}.Debug|Any CPU.Build.0 = Debug|Any CPU
		{4F08DBAC-2036-42CE-92B6-2E87E8B42A7C}.Release|Any CPU.ActiveCfg = Release|Any CPU
		{4F08DBAC-2036-42CE-92B6-2E87E8B42A7C}.Release|Any CPU.Build.0 = Release|Any CPU
		{17E1A57A-D368-4990-A053-D7DD627507A0}.Debug|Any CPU.ActiveCfg = Debug|Any CPU
		{17E1A57A-D368-4990-A053-D7DD627507A0}.Debug|Any CPU.Build.0 = Debug|Any CPU
		{17E1A57A-D368-4990-A053-D7DD627507A0}.Release|Any CPU.ActiveCfg = Release|Any CPU
		{17E1A57A-D368-4990-A053-D7DD627507A0}.Release|Any CPU.Build.0 = Release|Any CPU
		{0F37FD1A-5491-4E10-9E2C-9CD631B333F1}.Debug|Any CPU.ActiveCfg = Debug|Any CPU
		{0F37FD1A-5491-4E10-9E2C-9CD631B333F1}.Debug|Any CPU.Build.0 = Debug|Any CPU
		{0F37FD1A-5491-4E10-9E2C-9CD631B333F1}.Release|Any CPU.ActiveCfg = Release|Any CPU
		{0F37FD1A-5491-4E10-9E2C-9CD631B333F1}.Release|Any CPU.Build.0 = Release|Any CPU
		{BE453E55-331A-4F2D-B7D2-5522098C9B6D}.Debug|Any CPU.ActiveCfg = Debug|Any CPU
		{BE453E55-331A-4F2D-B7D2-5522098C9B6D}.Debug|Any CPU.Build.0 = Debug|Any CPU
		{BE453E55-331A-4F2D-B7D2-5522098C9B6D}.Release|Any CPU.ActiveCfg = Release|Any CPU
		{BE453E55-331A-4F2D-B7D2-5522098C9B6D}.Release|Any CPU.Build.0 = Release|Any CPU
		{87F5E07B-E56B-4E29-8F7F-B4BC171900B1}.Debug|Any CPU.ActiveCfg = Debug|Any CPU
		{87F5E07B-E56B-4E29-8F7F-B4BC171900B1}.Debug|Any CPU.Build.0 = Debug|Any CPU
		{87F5E07B-E56B-4E29-8F7F-B4BC171900B1}.Release|Any CPU.ActiveCfg = Release|Any CPU
		{87F5E07B-E56B-4E29-8F7F-B4BC171900B1}.Release|Any CPU.Build.0 = Release|Any CPU
		{7F19ADBA-884D-4D46-A7C1-4BF672F829D9}.Debug|Any CPU.ActiveCfg = Debug|Any CPU
		{7F19ADBA-884D-4D46-A7C1-4BF672F829D9}.Debug|Any CPU.Build.0 = Debug|Any CPU
		{7F19ADBA-884D-4D46-A7C1-4BF672F829D9}.Release|Any CPU.ActiveCfg = Release|Any CPU
		{7F19ADBA-884D-4D46-A7C1-4BF672F829D9}.Release|Any CPU.Build.0 = Release|Any CPU
		{31FBE6FB-4831-4E7B-B82A-433F40E20091}.Debug|Any CPU.ActiveCfg = Debug|Any CPU
		{31FBE6FB-4831-4E7B-B82A-433F40E20091}.Debug|Any CPU.Build.0 = Debug|Any CPU
		{31FBE6FB-4831-4E7B-B82A-433F40E20091}.Release|Any CPU.ActiveCfg = Release|Any CPU
		{31FBE6FB-4831-4E7B-B82A-433F40E20091}.Release|Any CPU.Build.0 = Release|Any CPU
		{4D58472E-32FB-4CD1-8276-443F2D6050EE}.Debug|Any CPU.ActiveCfg = Debug|Any CPU
		{4D58472E-32FB-4CD1-8276-443F2D6050EE}.Debug|Any CPU.Build.0 = Debug|Any CPU
		{4D58472E-32FB-4CD1-8276-443F2D6050EE}.Release|Any CPU.ActiveCfg = Release|Any CPU
		{4D58472E-32FB-4CD1-8276-443F2D6050EE}.Release|Any CPU.Build.0 = Release|Any CPU
		{18F56FC1-D2E0-4C95-AF43-E14185F241B0}.Debug|Any CPU.ActiveCfg = Debug|Any CPU
		{18F56FC1-D2E0-4C95-AF43-E14185F241B0}.Debug|Any CPU.Build.0 = Debug|Any CPU
		{18F56FC1-D2E0-4C95-AF43-E14185F241B0}.Release|Any CPU.ActiveCfg = Release|Any CPU
		{18F56FC1-D2E0-4C95-AF43-E14185F241B0}.Release|Any CPU.Build.0 = Release|Any CPU
		{1FEDFDFB-6C0F-4AF8-9851-7BD54110E025}.Debug|Any CPU.ActiveCfg = Debug|Any CPU
		{1FEDFDFB-6C0F-4AF8-9851-7BD54110E025}.Debug|Any CPU.Build.0 = Debug|Any CPU
		{1FEDFDFB-6C0F-4AF8-9851-7BD54110E025}.Release|Any CPU.ActiveCfg = Release|Any CPU
		{1FEDFDFB-6C0F-4AF8-9851-7BD54110E025}.Release|Any CPU.Build.0 = Release|Any CPU
		{93D65947-1B08-4101-843B-9EBB2718862E}.Debug|Any CPU.ActiveCfg = Debug|Any CPU
		{93D65947-1B08-4101-843B-9EBB2718862E}.Debug|Any CPU.Build.0 = Debug|Any CPU
		{93D65947-1B08-4101-843B-9EBB2718862E}.Release|Any CPU.ActiveCfg = Release|Any CPU
		{93D65947-1B08-4101-843B-9EBB2718862E}.Release|Any CPU.Build.0 = Release|Any CPU
		{B41B4CDE-9658-48FD-8F31-C960AFAD498B}.Debug|Any CPU.ActiveCfg = Debug|Any CPU
		{B41B4CDE-9658-48FD-8F31-C960AFAD498B}.Debug|Any CPU.Build.0 = Debug|Any CPU
		{B41B4CDE-9658-48FD-8F31-C960AFAD498B}.Release|Any CPU.ActiveCfg = Release|Any CPU
		{B41B4CDE-9658-48FD-8F31-C960AFAD498B}.Release|Any CPU.Build.0 = Release|Any CPU
		{6BFFDFBC-0A3B-4463-BE4F-3F15461B6A2C}.Debug|Any CPU.ActiveCfg = Debug|Any CPU
		{6BFFDFBC-0A3B-4463-BE4F-3F15461B6A2C}.Debug|Any CPU.Build.0 = Debug|Any CPU
		{6BFFDFBC-0A3B-4463-BE4F-3F15461B6A2C}.Release|Any CPU.ActiveCfg = Release|Any CPU
		{6BFFDFBC-0A3B-4463-BE4F-3F15461B6A2C}.Release|Any CPU.Build.0 = Release|Any CPU
		{D9C73D06-7206-4F42-AA20-EBA08AF10B2D}.Debug|Any CPU.ActiveCfg = Debug|Any CPU
		{D9C73D06-7206-4F42-AA20-EBA08AF10B2D}.Debug|Any CPU.Build.0 = Debug|Any CPU
		{D9C73D06-7206-4F42-AA20-EBA08AF10B2D}.Release|Any CPU.ActiveCfg = Release|Any CPU
		{D9C73D06-7206-4F42-AA20-EBA08AF10B2D}.Release|Any CPU.Build.0 = Release|Any CPU
		{243B4B87-E332-4C54-BFA7-F1D69971BB67}.Debug|Any CPU.ActiveCfg = Debug|Any CPU
		{243B4B87-E332-4C54-BFA7-F1D69971BB67}.Debug|Any CPU.Build.0 = Debug|Any CPU
		{243B4B87-E332-4C54-BFA7-F1D69971BB67}.Release|Any CPU.ActiveCfg = Release|Any CPU
		{243B4B87-E332-4C54-BFA7-F1D69971BB67}.Release|Any CPU.Build.0 = Release|Any CPU
		{A93987BB-7EDA-4C37-8023-C2BB6A32B214}.Debug|Any CPU.ActiveCfg = Debug|Any CPU
		{A93987BB-7EDA-4C37-8023-C2BB6A32B214}.Debug|Any CPU.Build.0 = Debug|Any CPU
		{A93987BB-7EDA-4C37-8023-C2BB6A32B214}.Release|Any CPU.ActiveCfg = Release|Any CPU
		{A93987BB-7EDA-4C37-8023-C2BB6A32B214}.Release|Any CPU.Build.0 = Release|Any CPU
	EndGlobalSection
	GlobalSection(SolutionProperties) = preSolution
		HideSolutionNode = FALSE
	EndGlobalSection
	GlobalSection(NestedProjects) = preSolution
		{D579D645-B64B-44B6-9E09-F23BF12644F0} = {A4E396F5-E8DF-4EA1-A41E-95273D202FBB}
		{DFAD3A93-6541-48CF-98A3-D1C1A799FFD7} = {A4E396F5-E8DF-4EA1-A41E-95273D202FBB}
		{2AE90E0F-2639-406D-8EFC-AFDFD01F5960} = {A4E396F5-E8DF-4EA1-A41E-95273D202FBB}
		{556BE00C-2943-4B29-A6B0-102C63BF6907} = {A4E396F5-E8DF-4EA1-A41E-95273D202FBB}
		{4F08DBAC-2036-42CE-92B6-2E87E8B42A7C} = {C2D58E50-7DC0-4B62-B7A0-5B7716C51FA7}
		{17E1A57A-D368-4990-A053-D7DD627507A0} = {C2D58E50-7DC0-4B62-B7A0-5B7716C51FA7}
		{0F37FD1A-5491-4E10-9E2C-9CD631B333F1} = {7E9BBD56-488F-4470-94A6-22FEC24DBCB9}
		{BE453E55-331A-4F2D-B7D2-5522098C9B6D} = {7E9BBD56-488F-4470-94A6-22FEC24DBCB9}
		{87F5E07B-E56B-4E29-8F7F-B4BC171900B1} = {7E9BBD56-488F-4470-94A6-22FEC24DBCB9}
		{7F19ADBA-884D-4D46-A7C1-4BF672F829D9} = {2931C0BB-25C9-4B89-8356-E7BB19B6E5BD}
		{31FBE6FB-4831-4E7B-B82A-433F40E20091} = {2931C0BB-25C9-4B89-8356-E7BB19B6E5BD}
		{4D58472E-32FB-4CD1-8276-443F2D6050EE} = {64150D3D-1D9F-464B-B8B6-640D908758DC}
		{C2D58E50-7DC0-4B62-B7A0-5B7716C51FA7} = {111B7690-8DC1-4844-9B1F-46ECB991B3F1}
		{7E9BBD56-488F-4470-94A6-22FEC24DBCB9} = {111B7690-8DC1-4844-9B1F-46ECB991B3F1}
		{2931C0BB-25C9-4B89-8356-E7BB19B6E5BD} = {111B7690-8DC1-4844-9B1F-46ECB991B3F1}
		{64150D3D-1D9F-464B-B8B6-640D908758DC} = {111B7690-8DC1-4844-9B1F-46ECB991B3F1}
		{3E9438D4-FE01-4FD3-AC10-492A0E56737A} = {5CF332FE-EC8B-40C2-A44E-E3B635CC47CA}
		{3DB50208-322C-4753-A10B-C1E059DB6EDA} = {5CF332FE-EC8B-40C2-A44E-E3B635CC47CA}
		{E2FE1175-22BD-43BC-ADDA-CBBA24DDFFBA} = {5CF332FE-EC8B-40C2-A44E-E3B635CC47CA}
		{18F56FC1-D2E0-4C95-AF43-E14185F241B0} = {3DB50208-322C-4753-A10B-C1E059DB6EDA}
		{1FEDFDFB-6C0F-4AF8-9851-7BD54110E025} = {3E9438D4-FE01-4FD3-AC10-492A0E56737A}
		{93D65947-1B08-4101-843B-9EBB2718862E} = {3E9438D4-FE01-4FD3-AC10-492A0E56737A}
		{B41B4CDE-9658-48FD-8F31-C960AFAD498B} = {3DB50208-322C-4753-A10B-C1E059DB6EDA}
		{6BFFDFBC-0A3B-4463-BE4F-3F15461B6A2C} = {3DB50208-322C-4753-A10B-C1E059DB6EDA}
		{D9C73D06-7206-4F42-AA20-EBA08AF10B2D} = {E2FE1175-22BD-43BC-ADDA-CBBA24DDFFBA}
		{243B4B87-E332-4C54-BFA7-F1D69971BB67} = {E2FE1175-22BD-43BC-ADDA-CBBA24DDFFBA}
		{37BF80E1-080D-47E3-97C2-AACAA34FBDE9} = {4CC1E95E-89BD-4A5B-A810-C22DCF1F5315}
		{7E748C5F-5703-4BCB-BD3E-CD14177D8427} = {4CC1E95E-89BD-4A5B-A810-C22DCF1F5315}
		{390BA52F-98AE-4C6B-B11C-F44A81C978D6} = {4CC1E95E-89BD-4A5B-A810-C22DCF1F5315}
		{A93987BB-7EDA-4C37-8023-C2BB6A32B214} = {7E748C5F-5703-4BCB-BD3E-CD14177D8427}
	EndGlobalSection
	GlobalSection(ExtensibilityGlobals) = postSolution
		SolutionGuid = {3E21131E-314E-4FB9-90A9-21D6E385910A}
	EndGlobalSection
EndGlobal
