
Microsoft Visual Studio Solution File, Format Version 12.00
# Visual Studio Version 16
VisualStudioVersion = 16.0.29806.167
MinimumVisualStudioVersion = 10.0.40219.1
Project("{2150E333-8FDC-42A3-9474-1A3956D46DE8}") = "Prototypes", "Prototypes", "{111B7690-8DC1-4844-9B1F-46ECB991B3F1}"
EndProject
Project("{2150E333-8FDC-42A3-9474-1A3956D46DE8}") = "Samples", "Samples", "{A4E396F5-E8DF-4EA1-A41E-95273D202FBB}"
EndProject
Project("{FAE04EC0-301F-11D3-BF4B-00C04F79EFBC}") = "ReportViewerSample", "Samples\ReportViewerSample\ReportViewerSample.csproj", "{D579D645-B64B-44B6-9E09-F23BF12644F0}"
EndProject
Project("{FAE04EC0-301F-11D3-BF4B-00C04F79EFBC}") = "SQLiteSample", "Samples\SQLiteSample\SQLiteSample.csproj", "{DFAD3A93-6541-48CF-98A3-D1C1A799FFD7}"
EndProject
Project("{9092AA53-FB77-4645-B42D-1CCCA6BD08BD}") = "DMT.TOD.Server", "Production\DMT.TOD.Server\DMT.TOD.Server.njsproj", "{4D58472E-32FB-4CD1-8276-443F2D6050EE}"
EndProject
Project("{2150E333-8FDC-42A3-9474-1A3956D46DE8}") = "Production", "Production", "{4CC1E95E-89BD-4A5B-A810-C22DCF1F5315}"
EndProject
Project("{FAE04EC0-301F-11D3-BF4B-00C04F79EFBC}") = "MaterialDesignWpfSample", "Samples\MaterialDesignWpfSample\MaterialDesignWpfSample.csproj", "{2AE90E0F-2639-406D-8EFC-AFDFD01F5960}"
EndProject
Project("{FAE04EC0-301F-11D3-BF4B-00C04F79EFBC}") = "MetroUISample", "Samples\MetroUISample\MetroUISample.csproj", "{556BE00C-2943-4B29-A6B0-102C63BF6907}"
EndProject
Project("{FAE04EC0-301F-11D3-BF4B-00C04F79EFBC}") = "DMT.Controls", "Production\DMT.Controls\DMT.Controls.csproj", "{7F19ADBA-884D-4D46-A7C1-4BF672F829D9}"
EndProject
Project("{FAE04EC0-301F-11D3-BF4B-00C04F79EFBC}") = "DMT.Models", "Production\DMT.Models\DMT.Models.csproj", "{0F37FD1A-5491-4E10-9E2C-9CD631B333F1}"
EndProject
Project("{FAE04EC0-301F-11D3-BF4B-00C04F79EFBC}") = "DMT.TOD.Prototype.App", "Prototypes\DMT.TOD.Prototype.App\DMT.TOD.Prototype.App.csproj", "{4F08DBAC-2036-42CE-92B6-2E87E8B42A7C}"
EndProject
Global
	GlobalSection(SolutionConfigurationPlatforms) = preSolution
		Debug|Any CPU = Debug|Any CPU
		Release|Any CPU = Release|Any CPU
	EndGlobalSection
	GlobalSection(ProjectConfigurationPlatforms) = postSolution
		{D579D645-B64B-44B6-9E09-F23BF12644F0}.Debug|Any CPU.ActiveCfg = Debug|Any CPU
		{D579D645-B64B-44B6-9E09-F23BF12644F0}.Debug|Any CPU.Build.0 = Debug|Any CPU
		{D579D645-B64B-44B6-9E09-F23BF12644F0}.Release|Any CPU.ActiveCfg = Release|Any CPU
		{D579D645-B64B-44B6-9E09-F23BF12644F0}.Release|Any CPU.Build.0 = Release|Any CPU
		{DFAD3A93-6541-48CF-98A3-D1C1A799FFD7}.Debug|Any CPU.ActiveCfg = Debug|Any CPU
		{DFAD3A93-6541-48CF-98A3-D1C1A799FFD7}.Debug|Any CPU.Build.0 = Debug|Any CPU
		{DFAD3A93-6541-48CF-98A3-D1C1A799FFD7}.Release|Any CPU.ActiveCfg = Release|Any CPU
		{DFAD3A93-6541-48CF-98A3-D1C1A799FFD7}.Release|Any CPU.Build.0 = Release|Any CPU
		{4D58472E-32FB-4CD1-8276-443F2D6050EE}.Debug|Any CPU.ActiveCfg = Debug|Any CPU
		{4D58472E-32FB-4CD1-8276-443F2D6050EE}.Debug|Any CPU.Build.0 = Debug|Any CPU
		{4D58472E-32FB-4CD1-8276-443F2D6050EE}.Release|Any CPU.ActiveCfg = Release|Any CPU
		{4D58472E-32FB-4CD1-8276-443F2D6050EE}.Release|Any CPU.Build.0 = Release|Any CPU
		{2AE90E0F-2639-406D-8EFC-AFDFD01F5960}.Debug|Any CPU.ActiveCfg = Debug|Any CPU
		{2AE90E0F-2639-406D-8EFC-AFDFD01F5960}.Debug|Any CPU.Build.0 = Debug|Any CPU
		{2AE90E0F-2639-406D-8EFC-AFDFD01F5960}.Release|Any CPU.ActiveCfg = Release|Any CPU
		{2AE90E0F-2639-406D-8EFC-AFDFD01F5960}.Release|Any CPU.Build.0 = Release|Any CPU
		{556BE00C-2943-4B29-A6B0-102C63BF6907}.Debug|Any CPU.ActiveCfg = Debug|Any CPU
		{556BE00C-2943-4B29-A6B0-102C63BF6907}.Debug|Any CPU.Build.0 = Debug|Any CPU
		{556BE00C-2943-4B29-A6B0-102C63BF6907}.Release|Any CPU.ActiveCfg = Release|Any CPU
		{556BE00C-2943-4B29-A6B0-102C63BF6907}.Release|Any CPU.Build.0 = Release|Any CPU
		{7F19ADBA-884D-4D46-A7C1-4BF672F829D9}.Debug|Any CPU.ActiveCfg = Debug|Any CPU
		{7F19ADBA-884D-4D46-A7C1-4BF672F829D9}.Debug|Any CPU.Build.0 = Debug|Any CPU
		{7F19ADBA-884D-4D46-A7C1-4BF672F829D9}.Release|Any CPU.ActiveCfg = Release|Any CPU
		{7F19ADBA-884D-4D46-A7C1-4BF672F829D9}.Release|Any CPU.Build.0 = Release|Any CPU
		{0F37FD1A-5491-4E10-9E2C-9CD631B333F1}.Debug|Any CPU.ActiveCfg = Debug|Any CPU
		{0F37FD1A-5491-4E10-9E2C-9CD631B333F1}.Debug|Any CPU.Build.0 = Debug|Any CPU
		{0F37FD1A-5491-4E10-9E2C-9CD631B333F1}.Release|Any CPU.ActiveCfg = Release|Any CPU
		{0F37FD1A-5491-4E10-9E2C-9CD631B333F1}.Release|Any CPU.Build.0 = Release|Any CPU
		{4F08DBAC-2036-42CE-92B6-2E87E8B42A7C}.Debug|Any CPU.ActiveCfg = Debug|Any CPU
		{4F08DBAC-2036-42CE-92B6-2E87E8B42A7C}.Debug|Any CPU.Build.0 = Debug|Any CPU
		{4F08DBAC-2036-42CE-92B6-2E87E8B42A7C}.Release|Any CPU.ActiveCfg = Release|Any CPU
		{4F08DBAC-2036-42CE-92B6-2E87E8B42A7C}.Release|Any CPU.Build.0 = Release|Any CPU
	EndGlobalSection
	GlobalSection(SolutionProperties) = preSolution
		HideSolutionNode = FALSE
	EndGlobalSection
	GlobalSection(NestedProjects) = preSolution
		{D579D645-B64B-44B6-9E09-F23BF12644F0} = {A4E396F5-E8DF-4EA1-A41E-95273D202FBB}
		{DFAD3A93-6541-48CF-98A3-D1C1A799FFD7} = {A4E396F5-E8DF-4EA1-A41E-95273D202FBB}
		{4D58472E-32FB-4CD1-8276-443F2D6050EE} = {4CC1E95E-89BD-4A5B-A810-C22DCF1F5315}
		{2AE90E0F-2639-406D-8EFC-AFDFD01F5960} = {A4E396F5-E8DF-4EA1-A41E-95273D202FBB}
		{556BE00C-2943-4B29-A6B0-102C63BF6907} = {A4E396F5-E8DF-4EA1-A41E-95273D202FBB}
		{7F19ADBA-884D-4D46-A7C1-4BF672F829D9} = {4CC1E95E-89BD-4A5B-A810-C22DCF1F5315}
		{0F37FD1A-5491-4E10-9E2C-9CD631B333F1} = {4CC1E95E-89BD-4A5B-A810-C22DCF1F5315}
		{4F08DBAC-2036-42CE-92B6-2E87E8B42A7C} = {111B7690-8DC1-4844-9B1F-46ECB991B3F1}
	EndGlobalSection
	GlobalSection(ExtensibilityGlobals) = postSolution
		SolutionGuid = {3E21131E-314E-4FB9-90A9-21D6E385910A}
	EndGlobalSection
EndGlobal
